
Microsoft Visual Studio Solution File, Format Version 12.00
# Visual Studio 14
VisualStudioVersion = 14.0.25420.1
MinimumVisualStudioVersion = 10.0.40219.1
Project("{FAE04EC0-301F-11D3-BF4B-00C04F79EFBC}") = "BaseClass", "BaseClass\BaseClass.csproj", "{36E71542-A16C-4B58-9C6B-2EE03A7A66E0}"
EndProject
Project("{FAE04EC0-301F-11D3-BF4B-00C04F79EFBC}") = "BLL", "BLL\BLL.csproj", "{DC330621-4A6F-4990-8CC6-377C3E4E0561}"
EndProject
Project("{FAE04EC0-301F-11D3-BF4B-00C04F79EFBC}") = "Common", "Common\Common.csproj", "{BAABEB22-C619-4005-95E0-FCA79CF579EB}"
EndProject
Project("{FAE04EC0-301F-11D3-BF4B-00C04F79EFBC}") = "Components", "Components\Components.csproj", "{86638DDA-0208-49D1-9032-3F7E895C9B90}"
EndProject
Project("{FAE04EC0-301F-11D3-BF4B-00C04F79EFBC}") = "DAL", "DAL\DAL.csproj", "{22FDBEB0-131F-42A7-91BF-CA7EFE7ABD6F}"
EndProject
Project("{FAE04EC0-301F-11D3-BF4B-00C04F79EFBC}") = "WebControls", "WebControls\WebControls.csproj", "{AFEF1EF8-82ED-460E-8727-08A86B87C8F2}"
EndProject
Global
	GlobalSection(SolutionConfigurationPlatforms) = preSolution
		Debug|.NET = Debug|.NET
		Debug|Any CPU = Debug|Any CPU
		Debug|Mixed Platforms = Debug|Mixed Platforms
		Release|.NET = Release|.NET
		Release|Any CPU = Release|Any CPU
		Release|Mixed Platforms = Release|Mixed Platforms
	EndGlobalSection
	GlobalSection(ProjectConfigurationPlatforms) = postSolution
		{36E71542-A16C-4B58-9C6B-2EE03A7A66E0}.Debug|.NET.ActiveCfg = Debug|Any CPU
		{36E71542-A16C-4B58-9C6B-2EE03A7A66E0}.Debug|Any CPU.ActiveCfg = Debug|Any CPU
		{36E71542-A16C-4B58-9C6B-2EE03A7A66E0}.Debug|Any CPU.Build.0 = Debug|Any CPU
		{36E71542-A16C-4B58-9C6B-2EE03A7A66E0}.Debug|Mixed Platforms.ActiveCfg = Debug|Any CPU
		{36E71542-A16C-4B58-9C6B-2EE03A7A66E0}.Debug|Mixed Platforms.Build.0 = Debug|Any CPU
		{36E71542-A16C-4B58-9C6B-2EE03A7A66E0}.Release|.NET.ActiveCfg = Release|Any CPU
		{36E71542-A16C-4B58-9C6B-2EE03A7A66E0}.Release|Any CPU.ActiveCfg = Release|Any CPU
		{36E71542-A16C-4B58-9C6B-2EE03A7A66E0}.Release|Any CPU.Build.0 = Release|Any CPU
		{36E71542-A16C-4B58-9C6B-2EE03A7A66E0}.Release|Mixed Platforms.ActiveCfg = Release|Any CPU
		{36E71542-A16C-4B58-9C6B-2EE03A7A66E0}.Release|Mixed Platforms.Build.0 = Release|Any CPU
		{DC330621-4A6F-4990-8CC6-377C3E4E0561}.Debug|.NET.ActiveCfg = Debug|Any CPU
		{DC330621-4A6F-4990-8CC6-377C3E4E0561}.Debug|Any CPU.ActiveCfg = Debug|Any CPU
		{DC330621-4A6F-4990-8CC6-377C3E4E0561}.Debug|Any CPU.Build.0 = Debug|Any CPU
		{DC330621-4A6F-4990-8CC6-377C3E4E0561}.Debug|Mixed Platforms.ActiveCfg = Debug|Any CPU
		{DC330621-4A6F-4990-8CC6-377C3E4E0561}.Debug|Mixed Platforms.Build.0 = Debug|Any CPU
		{DC330621-4A6F-4990-8CC6-377C3E4E0561}.Release|.NET.ActiveCfg = Release|Any CPU
		{DC330621-4A6F-4990-8CC6-377C3E4E0561}.Release|Any CPU.ActiveCfg = Release|Any CPU
		{DC330621-4A6F-4990-8CC6-377C3E4E0561}.Release|Any CPU.Build.0 = Release|Any CPU
		{DC330621-4A6F-4990-8CC6-377C3E4E0561}.Release|Mixed Platforms.ActiveCfg = Release|Any CPU
		{DC330621-4A6F-4990-8CC6-377C3E4E0561}.Release|Mixed Platforms.Build.0 = Release|Any CPU
		{BAABEB22-C619-4005-95E0-FCA79CF579EB}.Debug|.NET.ActiveCfg = Debug|Any CPU
		{BAABEB22-C619-4005-95E0-FCA79CF579EB}.Debug|Any CPU.ActiveCfg = Debug|Any CPU
		{BAABEB22-C619-4005-95E0-FCA79CF579EB}.Debug|Any CPU.Build.0 = Debug|Any CPU
		{BAABEB22-C619-4005-95E0-FCA79CF579EB}.Debug|Mixed Platforms.ActiveCfg = Debug|Any CPU
		{BAABEB22-C619-4005-95E0-FCA79CF579EB}.Debug|Mixed Platforms.Build.0 = Debug|Any CPU
		{BAABEB22-C619-4005-95E0-FCA79CF579EB}.Release|.NET.ActiveCfg = Release|Any CPU
		{BAABEB22-C619-4005-95E0-FCA79CF579EB}.Release|Any CPU.ActiveCfg = Release|Any CPU
		{BAABEB22-C619-4005-95E0-FCA79CF579EB}.Release|Any CPU.Build.0 = Release|Any CPU
		{BAABEB22-C619-4005-95E0-FCA79CF579EB}.Release|Mixed Platforms.ActiveCfg = Release|Any CPU
		{BAABEB22-C619-4005-95E0-FCA79CF579EB}.Release|Mixed Platforms.Build.0 = Release|Any CPU
		{86638DDA-0208-49D1-9032-3F7E895C9B90}.Debug|.NET.ActiveCfg = Debug|Any CPU
		{86638DDA-0208-49D1-9032-3F7E895C9B90}.Debug|Any CPU.ActiveCfg = Debug|Any CPU
		{86638DDA-0208-49D1-9032-3F7E895C9B90}.Debug|Any CPU.Build.0 = Debug|Any CPU
		{86638DDA-0208-49D1-9032-3F7E895C9B90}.Debug|Mixed Platforms.ActiveCfg = Debug|Any CPU
		{86638DDA-0208-49D1-9032-3F7E895C9B90}.Debug|Mixed Platforms.Build.0 = Debug|Any CPU
		{86638DDA-0208-49D1-9032-3F7E895C9B90}.Release|.NET.ActiveCfg = Release|Any CPU
		{86638DDA-0208-49D1-9032-3F7E895C9B90}.Release|Any CPU.ActiveCfg = Release|Any CPU
		{86638DDA-0208-49D1-9032-3F7E895C9B90}.Release|Any CPU.Build.0 = Release|Any CPU
		{86638DDA-0208-49D1-9032-3F7E895C9B90}.Release|Mixed Platforms.ActiveCfg = Release|Any CPU
		{86638DDA-0208-49D1-9032-3F7E895C9B90}.Release|Mixed Platforms.Build.0 = Release|Any CPU
		{22FDBEB0-131F-42A7-91BF-CA7EFE7ABD6F}.Debug|.NET.ActiveCfg = Debug|Any CPU
		{22FDBEB0-131F-42A7-91BF-CA7EFE7ABD6F}.Debug|Any CPU.ActiveCfg = Debug|Any CPU
		{22FDBEB0-131F-42A7-91BF-CA7EFE7ABD6F}.Debug|Any CPU.Build.0 = Debug|Any CPU
		{22FDBEB0-131F-42A7-91BF-CA7EFE7ABD6F}.Debug|Mixed Platforms.ActiveCfg = Debug|Any CPU
		{22FDBEB0-131F-42A7-91BF-CA7EFE7ABD6F}.Debug|Mixed Platforms.Build.0 = Debug|Any CPU
		{22FDBEB0-131F-42A7-91BF-CA7EFE7ABD6F}.Release|.NET.ActiveCfg = Release|Any CPU
		{22FDBEB0-131F-42A7-91BF-CA7EFE7ABD6F}.Release|Any CPU.ActiveCfg = Release|Any CPU
		{22FDBEB0-131F-42A7-91BF-CA7EFE7ABD6F}.Release|Any CPU.Build.0 = Release|Any CPU
		{22FDBEB0-131F-42A7-91BF-CA7EFE7ABD6F}.Release|Mixed Platforms.ActiveCfg = Release|Any CPU
		{22FDBEB0-131F-42A7-91BF-CA7EFE7ABD6F}.Release|Mixed Platforms.Build.0 = Release|Any CPU
		{AFEF1EF8-82ED-460E-8727-08A86B87C8F2}.Debug|.NET.ActiveCfg = Debug|Any CPU
		{AFEF1EF8-82ED-460E-8727-08A86B87C8F2}.Debug|Any CPU.ActiveCfg = Debug|Any CPU
		{AFEF1EF8-82ED-460E-8727-08A86B87C8F2}.Debug|Any CPU.Build.0 = Debug|Any CPU
		{AFEF1EF8-82ED-460E-8727-08A86B87C8F2}.Debug|Mixed Platforms.ActiveCfg = Debug|Any CPU
		{AFEF1EF8-82ED-460E-8727-08A86B87C8F2}.Debug|Mixed Platforms.Build.0 = Debug|Any CPU
		{AFEF1EF8-82ED-460E-8727-08A86B87C8F2}.Release|.NET.ActiveCfg = Release|Any CPU
		{AFEF1EF8-82ED-460E-8727-08A86B87C8F2}.Release|Any CPU.ActiveCfg = Release|Any CPU
		{AFEF1EF8-82ED-460E-8727-08A86B87C8F2}.Release|Any CPU.Build.0 = Release|Any CPU
		{AFEF1EF8-82ED-460E-8727-08A86B87C8F2}.Release|Mixed Platforms.ActiveCfg = Release|Any CPU
		{AFEF1EF8-82ED-460E-8727-08A86B87C8F2}.Release|Mixed Platforms.Build.0 = Release|Any CPU
	EndGlobalSection
	GlobalSection(SolutionProperties) = preSolution
		HideSolutionNode = FALSE
	EndGlobalSection
EndGlobal
